
Microsoft Visual Studio Solution File, Format Version 12.00
# Visual Studio 15
VisualStudioVersion = 15.0.26730.10
MinimumVisualStudioVersion = 10.0.40219.1
Project("{FAE04EC0-301F-11D3-BF4B-00C04F79EFBC}") = "YUHS.WebAPI.Common", "YUHS.WebAPI.Common\YUHS.WebAPI.Common.csproj", "{DD286A3B-C124-4E79-9209-071CC436823D}"
EndProject
Global
	GlobalSection(SolutionConfigurationPlatforms) = preSolution
		Debug|Any CPU = Debug|Any CPU
		Release|Any CPU = Release|Any CPU
	EndGlobalSection
	GlobalSection(ProjectConfigurationPlatforms) = postSolution
		{DD286A3B-C124-4E79-9209-071CC436823D}.Debug|Any CPU.ActiveCfg = Debug|Any CPU
		{DD286A3B-C124-4E79-9209-071CC436823D}.Debug|Any CPU.Build.0 = Debug|Any CPU
		{DD286A3B-C124-4E79-9209-071CC436823D}.Release|Any CPU.ActiveCfg = Release|Any CPU
		{DD286A3B-C124-4E79-9209-071CC436823D}.Release|Any CPU.Build.0 = Release|Any CPU
	EndGlobalSection
	GlobalSection(SolutionProperties) = preSolution
		HideSolutionNode = FALSE
	EndGlobalSection
	GlobalSection(ExtensibilityGlobals) = postSolution
		SolutionGuid = {E12EE495-0DD1-43D2-B822-3DAAC225CB43}
	EndGlobalSection
EndGlobal
